// !$*UTF8*$!
{
	archiveVersion = 1;
	classes = {
	};
	objectVersion = 46;
	objects = {

/* Begin PBXBuildFile section */
		C013E1511EBE96AC00CC9503 /* main.m in Sources */ = {isa = PBXBuildFile; fileRef = C013E1501EBE96AC00CC9503 /* main.m */; };
		C013E1541EBE96AD00CC9503 /* AppDelegate.m in Sources */ = {isa = PBXBuildFile; fileRef = C013E1531EBE96AD00CC9503 /* AppDelegate.m */; };
		C013E1571EBE96AD00CC9503 /* ViewController.m in Sources */ = {isa = PBXBuildFile; fileRef = C013E1561EBE96AD00CC9503 /* ViewController.m */; };
		C013E15A1EBE96AD00CC9503 /* Main.storyboard in Resources */ = {isa = PBXBuildFile; fileRef = C013E1581EBE96AD00CC9503 /* Main.storyboard */; };
		C013E15C1EBE96AD00CC9503 /* Assets.xcassets in Resources */ = {isa = PBXBuildFile; fileRef = C013E15B1EBE96AD00CC9503 /* Assets.xcassets */; };
		C013E15F1EBE96AD00CC9503 /* LaunchScreen.storyboard in Resources */ = {isa = PBXBuildFile; fileRef = C013E15D1EBE96AD00CC9503 /* LaunchScreen.storyboard */; };
		C013E16A1EBE96AD00CC9503 /* GravitySuitTests.m in Sources */ = {isa = PBXBuildFile; fileRef = C013E1691EBE96AD00CC9503 /* GravitySuitTests.m */; };
		C013E1751EBE96AD00CC9503 /* GravitySuitUITests.m in Sources */ = {isa = PBXBuildFile; fileRef = C013E1741EBE96AD00CC9503 /* GravitySuitUITests.m */; };
		C013E1841EBE975A00CC9503 /* Suit.m in Sources */ = {isa = PBXBuildFile; fileRef = C013E1831EBE975A00CC9503 /* Suit.m */; };
		C013E1871EBE976A00CC9503 /* Meteoroid.m in Sources */ = {isa = PBXBuildFile; fileRef = C013E1861EBE976A00CC9503 /* Meteoroid.m */; };
		C013E18A1EBE978800CC9503 /* GameView.m in Sources */ = {isa = PBXBuildFile; fileRef = C013E1891EBE978800CC9503 /* GameView.m */; };
		C049ECA01EBFCE2000D1BC42 /* background.jpg in Resources */ = {isa = PBXBuildFile; fileRef = C049EC9D1EBFCE2000D1BC42 /* background.jpg */; };
		C049ECA11EBFCE2000D1BC42 /* meteoroid.png in Resources */ = {isa = PBXBuildFile; fileRef = C049EC9E1EBFCE2000D1BC42 /* meteoroid.png */; };
		C049ECA21EBFCE2000D1BC42 /* suit.png in Resources */ = {isa = PBXBuildFile; fileRef = C049EC9F1EBFCE2000D1BC42 /* suit.png */; };
		C08784CF1EC03E5D00330D5B /* pause.png in Resources */ = {isa = PBXBuildFile; fileRef = C08784CE1EC03E5D00330D5B /* pause.png */; };
		C08784DA1EC05D6600330D5B /* meteoroid2.png in Resources */ = {isa = PBXBuildFile; fileRef = C08784D81EC05D6600330D5B /* meteoroid2.png */; };
		C08784DB1EC05D6600330D5B /* meteoroid3.png in Resources */ = {isa = PBXBuildFile; fileRef = C08784D91EC05D6600330D5B /* meteoroid3.png */; };
		C08784DD1EC05E8200330D5B /* upSuit.png in Resources */ = {isa = PBXBuildFile; fileRef = C08784DC1EC05E8200330D5B /* upSuit.png */; };
		C08784E01EC0600400330D5B /* Bullet.m in Sources */ = {isa = PBXBuildFile; fileRef = C08784DF1EC0600400330D5B /* Bullet.m */; };
		C08784E61EC0644D00330D5B /* fireButton.png in Resources */ = {isa = PBXBuildFile; fileRef = C08784E51EC0644D00330D5B /* fireButton.png */; };
		C08784E81EC0669800330D5B /* laserBullet.png in Resources */ = {isa = PBXBuildFile; fileRef = C08784E71EC0669800330D5B /* laserBullet.png */; };
/* End PBXBuildFile section */

/* Begin PBXContainerItemProxy section */
		C013E1661EBE96AD00CC9503 /* PBXContainerItemProxy */ = {
			isa = PBXContainerItemProxy;
			containerPortal = C013E1441EBE96AC00CC9503 /* Project object */;
			proxyType = 1;
			remoteGlobalIDString = C013E14B1EBE96AC00CC9503;
			remoteInfo = GravitySuit;
		};
		C013E1711EBE96AD00CC9503 /* PBXContainerItemProxy */ = {
			isa = PBXContainerItemProxy;
			containerPortal = C013E1441EBE96AC00CC9503 /* Project object */;
			proxyType = 1;
			remoteGlobalIDString = C013E14B1EBE96AC00CC9503;
			remoteInfo = GravitySuit;
		};
/* End PBXContainerItemProxy section */

/* Begin PBXFileReference section */
		C013E14C1EBE96AC00CC9503 /* GravitySuit.app */ = {isa = PBXFileReference; explicitFileType = wrapper.application; includeInIndex = 0; path = GravitySuit.app; sourceTree = BUILT_PRODUCTS_DIR; };
		C013E1501EBE96AC00CC9503 /* main.m */ = {isa = PBXFileReference; lastKnownFileType = sourcecode.c.objc; path = main.m; sourceTree = "<group>"; };
		C013E1521EBE96AC00CC9503 /* AppDelegate.h */ = {isa = PBXFileReference; lastKnownFileType = sourcecode.c.h; path = AppDelegate.h; sourceTree = "<group>"; };
		C013E1531EBE96AD00CC9503 /* AppDelegate.m */ = {isa = PBXFileReference; lastKnownFileType = sourcecode.c.objc; path = AppDelegate.m; sourceTree = "<group>"; };
		C013E1551EBE96AD00CC9503 /* ViewController.h */ = {isa = PBXFileReference; lastKnownFileType = sourcecode.c.h; path = ViewController.h; sourceTree = "<group>"; };
		C013E1561EBE96AD00CC9503 /* ViewController.m */ = {isa = PBXFileReference; lastKnownFileType = sourcecode.c.objc; path = ViewController.m; sourceTree = "<group>"; };
		C013E1591EBE96AD00CC9503 /* Base */ = {isa = PBXFileReference; lastKnownFileType = file.storyboard; name = Base; path = Base.lproj/Main.storyboard; sourceTree = "<group>"; };
		C013E15B1EBE96AD00CC9503 /* Assets.xcassets */ = {isa = PBXFileReference; lastKnownFileType = folder.assetcatalog; path = Assets.xcassets; sourceTree = "<group>"; };
		C013E15E1EBE96AD00CC9503 /* Base */ = {isa = PBXFileReference; lastKnownFileType = file.storyboard; name = Base; path = Base.lproj/LaunchScreen.storyboard; sourceTree = "<group>"; };
		C013E1601EBE96AD00CC9503 /* Info.plist */ = {isa = PBXFileReference; lastKnownFileType = text.plist.xml; path = Info.plist; sourceTree = "<group>"; };
		C013E1651EBE96AD00CC9503 /* GravitySuitTests.xctest */ = {isa = PBXFileReference; explicitFileType = wrapper.cfbundle; includeInIndex = 0; path = GravitySuitTests.xctest; sourceTree = BUILT_PRODUCTS_DIR; };
		C013E1691EBE96AD00CC9503 /* GravitySuitTests.m */ = {isa = PBXFileReference; lastKnownFileType = sourcecode.c.objc; path = GravitySuitTests.m; sourceTree = "<group>"; };
		C013E16B1EBE96AD00CC9503 /* Info.plist */ = {isa = PBXFileReference; lastKnownFileType = text.plist.xml; path = Info.plist; sourceTree = "<group>"; };
		C013E1701EBE96AD00CC9503 /* GravitySuitUITests.xctest */ = {isa = PBXFileReference; explicitFileType = wrapper.cfbundle; includeInIndex = 0; path = GravitySuitUITests.xctest; sourceTree = BUILT_PRODUCTS_DIR; };
		C013E1741EBE96AD00CC9503 /* GravitySuitUITests.m */ = {isa = PBXFileReference; lastKnownFileType = sourcecode.c.objc; path = GravitySuitUITests.m; sourceTree = "<group>"; };
		C013E1761EBE96AD00CC9503 /* Info.plist */ = {isa = PBXFileReference; lastKnownFileType = text.plist.xml; path = Info.plist; sourceTree = "<group>"; };
		C013E1821EBE975A00CC9503 /* Suit.h */ = {isa = PBXFileReference; fileEncoding = 4; lastKnownFileType = sourcecode.c.h; path = Suit.h; sourceTree = "<group>"; };
		C013E1831EBE975A00CC9503 /* Suit.m */ = {isa = PBXFileReference; fileEncoding = 4; lastKnownFileType = sourcecode.c.objc; path = Suit.m; sourceTree = "<group>"; };
		C013E1851EBE976A00CC9503 /* Meteoroid.h */ = {isa = PBXFileReference; fileEncoding = 4; lastKnownFileType = sourcecode.c.h; path = Meteoroid.h; sourceTree = "<group>"; };
		C013E1861EBE976A00CC9503 /* Meteoroid.m */ = {isa = PBXFileReference; fileEncoding = 4; lastKnownFileType = sourcecode.c.objc; path = Meteoroid.m; sourceTree = "<group>"; };
		C013E1881EBE978800CC9503 /* GameView.h */ = {isa = PBXFileReference; fileEncoding = 4; lastKnownFileType = sourcecode.c.h; path = GameView.h; sourceTree = "<group>"; };
		C013E1891EBE978800CC9503 /* GameView.m */ = {isa = PBXFileReference; fileEncoding = 4; lastKnownFileType = sourcecode.c.objc; path = GameView.m; sourceTree = "<group>"; };
		C049EC9D1EBFCE2000D1BC42 /* background.jpg */ = {isa = PBXFileReference; lastKnownFileType = image.jpeg; name = background.jpg; path = ../background.jpg; sourceTree = "<group>"; };
		C049EC9E1EBFCE2000D1BC42 /* meteoroid.png */ = {isa = PBXFileReference; lastKnownFileType = image.png; name = meteoroid.png; path = ../meteoroid.png; sourceTree = "<group>"; };
		C049EC9F1EBFCE2000D1BC42 /* suit.png */ = {isa = PBXFileReference; lastKnownFileType = image.png; name = suit.png; path = ../suit.png; sourceTree = "<group>"; };
		C08784CE1EC03E5D00330D5B /* pause.png */ = {isa = PBXFileReference; lastKnownFileType = image.png; path = pause.png; sourceTree = "<group>"; };
		C08784D81EC05D6600330D5B /* meteoroid2.png */ = {isa = PBXFileReference; lastKnownFileType = image.png; path = meteoroid2.png; sourceTree = "<group>"; };
		C08784D91EC05D6600330D5B /* meteoroid3.png */ = {isa = PBXFileReference; lastKnownFileType = image.png; path = meteoroid3.png; sourceTree = "<group>"; };
		C08784DC1EC05E8200330D5B /* upSuit.png */ = {isa = PBXFileReference; lastKnownFileType = image.png; path = upSuit.png; sourceTree = "<group>"; };
		C08784DE1EC0600400330D5B /* Bullet.h */ = {isa = PBXFileReference; fileEncoding = 4; lastKnownFileType = sourcecode.c.h; path = Bullet.h; sourceTree = "<group>"; };
		C08784DF1EC0600400330D5B /* Bullet.m */ = {isa = PBXFileReference; fileEncoding = 4; lastKnownFileType = sourcecode.c.objc; path = Bullet.m; sourceTree = "<group>"; };
		C08784E51EC0644D00330D5B /* fireButton.png */ = {isa = PBXFileReference; lastKnownFileType = image.png; path = fireButton.png; sourceTree = "<group>"; };
		C08784E71EC0669800330D5B /* laserBullet.png */ = {isa = PBXFileReference; lastKnownFileType = image.png; path = laserBullet.png; sourceTree = "<group>"; };
/* End PBXFileReference section */

/* Begin PBXFrameworksBuildPhase section */
		C013E1491EBE96AC00CC9503 /* Frameworks */ = {
			isa = PBXFrameworksBuildPhase;
			buildActionMask = 2147483647;
			files = (
			);
			runOnlyForDeploymentPostprocessing = 0;
		};
		C013E1621EBE96AD00CC9503 /* Frameworks */ = {
			isa = PBXFrameworksBuildPhase;
			buildActionMask = 2147483647;
			files = (
			);
			runOnlyForDeploymentPostprocessing = 0;
		};
		C013E16D1EBE96AD00CC9503 /* Frameworks */ = {
			isa = PBXFrameworksBuildPhase;
			buildActionMask = 2147483647;
			files = (
			);
			runOnlyForDeploymentPostprocessing = 0;
		};
/* End PBXFrameworksBuildPhase section */

/* Begin PBXGroup section */
		C013E1431EBE96AC00CC9503 = {
			isa = PBXGroup;
			children = (
				C013E14E1EBE96AC00CC9503 /* GravitySuit */,
				C013E1681EBE96AD00CC9503 /* GravitySuitTests */,
				C013E1731EBE96AD00CC9503 /* GravitySuitUITests */,
				C013E14D1EBE96AC00CC9503 /* Products */,
			);
			sourceTree = "<group>";
		};
		C013E14D1EBE96AC00CC9503 /* Products */ = {
			isa = PBXGroup;
			children = (
				C013E14C1EBE96AC00CC9503 /* GravitySuit.app */,
				C013E1651EBE96AD00CC9503 /* GravitySuitTests.xctest */,
				C013E1701EBE96AD00CC9503 /* GravitySuitUITests.xctest */,
			);
			name = Products;
			sourceTree = "<group>";
		};
		C013E14E1EBE96AC00CC9503 /* GravitySuit */ = {
			isa = PBXGroup;
			children = (
				C013E1521EBE96AC00CC9503 /* AppDelegate.h */,
				C013E1531EBE96AD00CC9503 /* AppDelegate.m */,
				C013E1821EBE975A00CC9503 /* Suit.h */,
				C013E1831EBE975A00CC9503 /* Suit.m */,
				C013E1851EBE976A00CC9503 /* Meteoroid.h */,
				C013E1861EBE976A00CC9503 /* Meteoroid.m */,
				C08784DE1EC0600400330D5B /* Bullet.h */,
				C08784DF1EC0600400330D5B /* Bullet.m */,
				C013E1881EBE978800CC9503 /* GameView.h */,
				C013E1891EBE978800CC9503 /* GameView.m */,
				C013E1551EBE96AD00CC9503 /* ViewController.h */,
				C013E1561EBE96AD00CC9503 /* ViewController.m */,
				C013E1581EBE96AD00CC9503 /* Main.storyboard */,
				C013E15B1EBE96AD00CC9503 /* Assets.xcassets */,
				C013E15D1EBE96AD00CC9503 /* LaunchScreen.storyboard */,
				C013E1601EBE96AD00CC9503 /* Info.plist */,
				C049EC9D1EBFCE2000D1BC42 /* background.jpg */,
				C049EC9E1EBFCE2000D1BC42 /* meteoroid.png */,
				C08784D81EC05D6600330D5B /* meteoroid2.png */,
				C08784D91EC05D6600330D5B /* meteoroid3.png */,
				C049EC9F1EBFCE2000D1BC42 /* suit.png */,
				C08784DC1EC05E8200330D5B /* upSuit.png */,
				C08784E71EC0669800330D5B /* laserBullet.png */,
				C08784E51EC0644D00330D5B /* fireButton.png */,
				C08784CE1EC03E5D00330D5B /* pause.png */,
				C013E14F1EBE96AC00CC9503 /* Supporting Files */,
			);
			path = GravitySuit;
			sourceTree = "<group>";
		};
		C013E14F1EBE96AC00CC9503 /* Supporting Files */ = {
			isa = PBXGroup;
			children = (
				C013E1501EBE96AC00CC9503 /* main.m */,
			);
			name = "Supporting Files";
			sourceTree = "<group>";
		};
		C013E1681EBE96AD00CC9503 /* GravitySuitTests */ = {
			isa = PBXGroup;
			children = (
				C013E1691EBE96AD00CC9503 /* GravitySuitTests.m */,
				C013E16B1EBE96AD00CC9503 /* Info.plist */,
			);
			path = GravitySuitTests;
			sourceTree = "<group>";
		};
		C013E1731EBE96AD00CC9503 /* GravitySuitUITests */ = {
			isa = PBXGroup;
			children = (
				C013E1741EBE96AD00CC9503 /* GravitySuitUITests.m */,
				C013E1761EBE96AD00CC9503 /* Info.plist */,
			);
			path = GravitySuitUITests;
			sourceTree = "<group>";
		};
/* End PBXGroup section */

/* Begin PBXNativeTarget section */
		C013E14B1EBE96AC00CC9503 /* GravitySuit */ = {
			isa = PBXNativeTarget;
			buildConfigurationList = C013E1791EBE96AD00CC9503 /* Build configuration list for PBXNativeTarget "GravitySuit" */;
			buildPhases = (
				C013E1481EBE96AC00CC9503 /* Sources */,
				C013E1491EBE96AC00CC9503 /* Frameworks */,
				C013E14A1EBE96AC00CC9503 /* Resources */,
			);
			buildRules = (
			);
			dependencies = (
			);
			name = GravitySuit;
			productName = GravitySuit;
			productReference = C013E14C1EBE96AC00CC9503 /* GravitySuit.app */;
			productType = "com.apple.product-type.application";
		};
		C013E1641EBE96AD00CC9503 /* GravitySuitTests */ = {
			isa = PBXNativeTarget;
			buildConfigurationList = C013E17C1EBE96AD00CC9503 /* Build configuration list for PBXNativeTarget "GravitySuitTests" */;
			buildPhases = (
				C013E1611EBE96AD00CC9503 /* Sources */,
				C013E1621EBE96AD00CC9503 /* Frameworks */,
				C013E1631EBE96AD00CC9503 /* Resources */,
			);
			buildRules = (
			);
			dependencies = (
				C013E1671EBE96AD00CC9503 /* PBXTargetDependency */,
			);
			name = GravitySuitTests;
			productName = GravitySuitTests;
			productReference = C013E1651EBE96AD00CC9503 /* GravitySuitTests.xctest */;
			productType = "com.apple.product-type.bundle.unit-test";
		};
		C013E16F1EBE96AD00CC9503 /* GravitySuitUITests */ = {
			isa = PBXNativeTarget;
			buildConfigurationList = C013E17F1EBE96AD00CC9503 /* Build configuration list for PBXNativeTarget "GravitySuitUITests" */;
			buildPhases = (
				C013E16C1EBE96AD00CC9503 /* Sources */,
				C013E16D1EBE96AD00CC9503 /* Frameworks */,
				C013E16E1EBE96AD00CC9503 /* Resources */,
			);
			buildRules = (
			);
			dependencies = (
				C013E1721EBE96AD00CC9503 /* PBXTargetDependency */,
			);
			name = GravitySuitUITests;
			productName = GravitySuitUITests;
			productReference = C013E1701EBE96AD00CC9503 /* GravitySuitUITests.xctest */;
			productType = "com.apple.product-type.bundle.ui-testing";
		};
/* End PBXNativeTarget section */

/* Begin PBXProject section */
		C013E1441EBE96AC00CC9503 /* Project object */ = {
			isa = PBXProject;
			attributes = {
				LastUpgradeCheck = 0820;
				ORGANIZATIONNAME = berk;
				TargetAttributes = {
					C013E14B1EBE96AC00CC9503 = {
						CreatedOnToolsVersion = 8.2.1;
						DevelopmentTeam = A384SZFL55;
						ProvisioningStyle = Automatic;
					};
					C013E1641EBE96AD00CC9503 = {
						CreatedOnToolsVersion = 8.2.1;
						DevelopmentTeam = A384SZFL55;
						ProvisioningStyle = Automatic;
						TestTargetID = C013E14B1EBE96AC00CC9503;
					};
					C013E16F1EBE96AD00CC9503 = {
						CreatedOnToolsVersion = 8.2.1;
						DevelopmentTeam = A384SZFL55;
						ProvisioningStyle = Automatic;
						TestTargetID = C013E14B1EBE96AC00CC9503;
					};
				};
			};
			buildConfigurationList = C013E1471EBE96AC00CC9503 /* Build configuration list for PBXProject "GravitySuit" */;
			compatibilityVersion = "Xcode 3.2";
			developmentRegion = English;
			hasScannedForEncodings = 0;
			knownRegions = (
				en,
				Base,
			);
			mainGroup = C013E1431EBE96AC00CC9503;
			productRefGroup = C013E14D1EBE96AC00CC9503 /* Products */;
			projectDirPath = "";
			projectRoot = "";
			targets = (
				C013E14B1EBE96AC00CC9503 /* GravitySuit */,
				C013E1641EBE96AD00CC9503 /* GravitySuitTests */,
				C013E16F1EBE96AD00CC9503 /* GravitySuitUITests */,
			);
		};
/* End PBXProject section */

/* Begin PBXResourcesBuildPhase section */
		C013E14A1EBE96AC00CC9503 /* Resources */ = {
			isa = PBXResourcesBuildPhase;
			buildActionMask = 2147483647;
			files = (
				C08784DA1EC05D6600330D5B /* meteoroid2.png in Resources */,
				C013E15F1EBE96AD00CC9503 /* LaunchScreen.storyboard in Resources */,
				C049ECA01EBFCE2000D1BC42 /* background.jpg in Resources */,
				C08784CF1EC03E5D00330D5B /* pause.png in Resources */,
				C049ECA21EBFCE2000D1BC42 /* suit.png in Resources */,
				C08784E81EC0669800330D5B /* laserBullet.png in Resources */,
				C08784E61EC0644D00330D5B /* fireButton.png in Resources */,
				C08784DD1EC05E8200330D5B /* upSuit.png in Resources */,
				C013E15C1EBE96AD00CC9503 /* Assets.xcassets in Resources */,
				C013E15A1EBE96AD00CC9503 /* Main.storyboard in Resources */,
				C049ECA11EBFCE2000D1BC42 /* meteoroid.png in Resources */,
				C08784DB1EC05D6600330D5B /* meteoroid3.png in Resources */,
			);
			runOnlyForDeploymentPostprocessing = 0;
		};
		C013E1631EBE96AD00CC9503 /* Resources */ = {
			isa = PBXResourcesBuildPhase;
			buildActionMask = 2147483647;
			files = (
			);
			runOnlyForDeploymentPostprocessing = 0;
		};
		C013E16E1EBE96AD00CC9503 /* Resources */ = {
			isa = PBXResourcesBuildPhase;
			buildActionMask = 2147483647;
			files = (
			);
			runOnlyForDeploymentPostprocessing = 0;
		};
/* End PBXResourcesBuildPhase section */

/* Begin PBXSourcesBuildPhase section */
		C013E1481EBE96AC00CC9503 /* Sources */ = {
			isa = PBXSourcesBuildPhase;
			buildActionMask = 2147483647;
			files = (
				C08784E01EC0600400330D5B /* Bullet.m in Sources */,
				C013E18A1EBE978800CC9503 /* GameView.m in Sources */,
				C013E1571EBE96AD00CC9503 /* ViewController.m in Sources */,
				C013E1541EBE96AD00CC9503 /* AppDelegate.m in Sources */,
				C013E1841EBE975A00CC9503 /* Suit.m in Sources */,
				C013E1871EBE976A00CC9503 /* Meteoroid.m in Sources */,
				C013E1511EBE96AC00CC9503 /* main.m in Sources */,
			);
			runOnlyForDeploymentPostprocessing = 0;
		};
		C013E1611EBE96AD00CC9503 /* Sources */ = {
			isa = PBXSourcesBuildPhase;
			buildActionMask = 2147483647;
			files = (
				C013E16A1EBE96AD00CC9503 /* GravitySuitTests.m in Sources */,
			);
			runOnlyForDeploymentPostprocessing = 0;
		};
		C013E16C1EBE96AD00CC9503 /* Sources */ = {
			isa = PBXSourcesBuildPhase;
			buildActionMask = 2147483647;
			files = (
				C013E1751EBE96AD00CC9503 /* GravitySuitUITests.m in Sources */,
			);
			runOnlyForDeploymentPostprocessing = 0;
		};
/* End PBXSourcesBuildPhase section */

/* Begin PBXTargetDependency section */
		C013E1671EBE96AD00CC9503 /* PBXTargetDependency */ = {
			isa = PBXTargetDependency;
			target = C013E14B1EBE96AC00CC9503 /* GravitySuit */;
			targetProxy = C013E1661EBE96AD00CC9503 /* PBXContainerItemProxy */;
		};
		C013E1721EBE96AD00CC9503 /* PBXTargetDependency */ = {
			isa = PBXTargetDependency;
			target = C013E14B1EBE96AC00CC9503 /* GravitySuit */;
			targetProxy = C013E1711EBE96AD00CC9503 /* PBXContainerItemProxy */;
		};
/* End PBXTargetDependency section */

/* Begin PBXVariantGroup section */
		C013E1581EBE96AD00CC9503 /* Main.storyboard */ = {
			isa = PBXVariantGroup;
			children = (
				C013E1591EBE96AD00CC9503 /* Base */,
			);
			name = Main.storyboard;
			sourceTree = "<group>";
		};
		C013E15D1EBE96AD00CC9503 /* LaunchScreen.storyboard */ = {
			isa = PBXVariantGroup;
			children = (
				C013E15E1EBE96AD00CC9503 /* Base */,
			);
			name = LaunchScreen.storyboard;
			sourceTree = "<group>";
		};
/* End PBXVariantGroup section */

/* Begin XCBuildConfiguration section */
		C013E1771EBE96AD00CC9503 /* Debug */ = {
			isa = XCBuildConfiguration;
			buildSettings = {
				ALWAYS_SEARCH_USER_PATHS = NO;
				CLANG_ANALYZER_NONNULL = YES;
				CLANG_CXX_LANGUAGE_STANDARD = "gnu++0x";
				CLANG_CXX_LIBRARY = "libc++";
				CLANG_ENABLE_MODULES = YES;
				CLANG_ENABLE_OBJC_ARC = YES;
				CLANG_WARN_BOOL_CONVERSION = YES;
				CLANG_WARN_CONSTANT_CONVERSION = YES;
				CLANG_WARN_DIRECT_OBJC_ISA_USAGE = YES_ERROR;
				CLANG_WARN_DOCUMENTATION_COMMENTS = YES;
				CLANG_WARN_EMPTY_BODY = YES;
				CLANG_WARN_ENUM_CONVERSION = YES;
				CLANG_WARN_INFINITE_RECURSION = YES;
				CLANG_WARN_INT_CONVERSION = YES;
				CLANG_WARN_OBJC_ROOT_CLASS = YES_ERROR;
				CLANG_WARN_SUSPICIOUS_MOVE = YES;
				CLANG_WARN_UNREACHABLE_CODE = YES;
				CLANG_WARN__DUPLICATE_METHOD_MATCH = YES;
				"CODE_SIGN_IDENTITY[sdk=iphoneos*]" = "iPhone Developer";
				COPY_PHASE_STRIP = NO;
				DEBUG_INFORMATION_FORMAT = dwarf;
				ENABLE_STRICT_OBJC_MSGSEND = YES;
				ENABLE_TESTABILITY = YES;
				GCC_C_LANGUAGE_STANDARD = gnu99;
				GCC_DYNAMIC_NO_PIC = NO;
				GCC_NO_COMMON_BLOCKS = YES;
				GCC_OPTIMIZATION_LEVEL = 0;
				GCC_PREPROCESSOR_DEFINITIONS = (
					"DEBUG=1",
					"$(inherited)",
				);
				GCC_WARN_64_TO_32_BIT_CONVERSION = YES;
				GCC_WARN_ABOUT_RETURN_TYPE = YES_ERROR;
				GCC_WARN_UNDECLARED_SELECTOR = YES;
				GCC_WARN_UNINITIALIZED_AUTOS = YES_AGGRESSIVE;
				GCC_WARN_UNUSED_FUNCTION = YES;
				GCC_WARN_UNUSED_VARIABLE = YES;
				IPHONEOS_DEPLOYMENT_TARGET = 10.2;
				MTL_ENABLE_DEBUG_INFO = YES;
				ONLY_ACTIVE_ARCH = YES;
				SDKROOT = iphoneos;
				TARGETED_DEVICE_FAMILY = "1,2";
			};
			name = Debug;
		};
		C013E1781EBE96AD00CC9503 /* Release */ = {
			isa = XCBuildConfiguration;
			buildSettings = {
				ALWAYS_SEARCH_USER_PATHS = NO;
				CLANG_ANALYZER_NONNULL = YES;
				CLANG_CXX_LANGUAGE_STANDARD = "gnu++0x";
				CLANG_CXX_LIBRARY = "libc++";
				CLANG_ENABLE_MODULES = YES;
				CLANG_ENABLE_OBJC_ARC = YES;
				CLANG_WARN_BOOL_CONVERSION = YES;
				CLANG_WARN_CONSTANT_CONVERSION = YES;
				CLANG_WARN_DIRECT_OBJC_ISA_USAGE = YES_ERROR;
				CLANG_WARN_DOCUMENTATION_COMMENTS = YES;
				CLANG_WARN_EMPTY_BODY = YES;
				CLANG_WARN_ENUM_CONVERSION = YES;
				CLANG_WARN_INFINITE_RECURSION = YES;
				CLANG_WARN_INT_CONVERSION = YES;
				CLANG_WARN_OBJC_ROOT_CLASS = YES_ERROR;
				CLANG_WARN_SUSPICIOUS_MOVE = YES;
				CLANG_WARN_UNREACHABLE_CODE = YES;
				CLANG_WARN__DUPLICATE_METHOD_MATCH = YES;
				"CODE_SIGN_IDENTITY[sdk=iphoneos*]" = "iPhone Developer";
				COPY_PHASE_STRIP = NO;
				DEBUG_INFORMATION_FORMAT = "dwarf-with-dsym";
				ENABLE_NS_ASSERTIONS = NO;
				ENABLE_STRICT_OBJC_MSGSEND = YES;
				GCC_C_LANGUAGE_STANDARD = gnu99;
				GCC_NO_COMMON_BLOCKS = YES;
				GCC_WARN_64_TO_32_BIT_CONVERSION = YES;
				GCC_WARN_ABOUT_RETURN_TYPE = YES_ERROR;
				GCC_WARN_UNDECLARED_SELECTOR = YES;
				GCC_WARN_UNINITIALIZED_AUTOS = YES_AGGRESSIVE;
				GCC_WARN_UNUSED_FUNCTION = YES;
				GCC_WARN_UNUSED_VARIABLE = YES;
				IPHONEOS_DEPLOYMENT_TARGET = 10.2;
				MTL_ENABLE_DEBUG_INFO = NO;
				SDKROOT = iphoneos;
				TARGETED_DEVICE_FAMILY = "1,2";
				VALIDATE_PRODUCT = YES;
			};
			name = Release;
		};
		C013E17A1EBE96AD00CC9503 /* Debug */ = {
			isa = XCBuildConfiguration;
			buildSettings = {
				ASSETCATALOG_COMPILER_APPICON_NAME = AppIcon;
				DEVELOPMENT_TEAM = A384SZFL55;
				INFOPLIST_FILE = GravitySuit/Info.plist;
				LD_RUNPATH_SEARCH_PATHS = "$(inherited) @executable_path/Frameworks";
				PRODUCT_BUNDLE_IDENTIFIER = berk.GravitySuit;
				PRODUCT_NAME = "$(TARGET_NAME)";
			};
			name = Debug;
		};
		C013E17B1EBE96AD00CC9503 /* Release */ = {
			isa = XCBuildConfiguration;
			buildSettings = {
				ASSETCATALOG_COMPILER_APPICON_NAME = AppIcon;
				DEVELOPMENT_TEAM = A384SZFL55;
				INFOPLIST_FILE = GravitySuit/Info.plist;
				LD_RUNPATH_SEARCH_PATHS = "$(inherited) @executable_path/Frameworks";
				PRODUCT_BUNDLE_IDENTIFIER = berk.GravitySuit;
				PRODUCT_NAME = "$(TARGET_NAME)";
			};
			name = Release;
		};
		C013E17D1EBE96AD00CC9503 /* Debug */ = {
			isa = XCBuildConfiguration;
			buildSettings = {
				BUNDLE_LOADER = "$(TEST_HOST)";
				DEVELOPMENT_TEAM = A384SZFL55;
				INFOPLIST_FILE = GravitySuitTests/Info.plist;
				LD_RUNPATH_SEARCH_PATHS = "$(inherited) @executable_path/Frameworks @loader_path/Frameworks";
				PRODUCT_BUNDLE_IDENTIFIER = berk.GravitySuitTests;
				PRODUCT_NAME = "$(TARGET_NAME)";
				TEST_HOST = "$(BUILT_PRODUCTS_DIR)/GravitySuit.app/GravitySuit";
			};
			name = Debug;
		};
		C013E17E1EBE96AD00CC9503 /* Release */ = {
			isa = XCBuildConfiguration;
			buildSettings = {
				BUNDLE_LOADER = "$(TEST_HOST)";
				DEVELOPMENT_TEAM = A384SZFL55;
				INFOPLIST_FILE = GravitySuitTests/Info.plist;
				LD_RUNPATH_SEARCH_PATHS = "$(inherited) @executable_path/Frameworks @loader_path/Frameworks";
				PRODUCT_BUNDLE_IDENTIFIER = berk.GravitySuitTests;
				PRODUCT_NAME = "$(TARGET_NAME)";
				TEST_HOST = "$(BUILT_PRODUCTS_DIR)/GravitySuit.app/GravitySuit";
			};
			name = Release;
		};
		C013E1801EBE96AD00CC9503 /* Debug */ = {
			isa = XCBuildConfiguration;
			buildSettings = {
				DEVELOPMENT_TEAM = A384SZFL55;
				INFOPLIST_FILE = GravitySuitUITests/Info.plist;
				LD_RUNPATH_SEARCH_PATHS = "$(inherited) @executable_path/Frameworks @loader_path/Frameworks";
				PRODUCT_BUNDLE_IDENTIFIER = berk.GravitySuitUITests;
				PRODUCT_NAME = "$(TARGET_NAME)";
				TEST_TARGET_NAME = GravitySuit;
			};
			name = Debug;
		};
		C013E1811EBE96AD00CC9503 /* Release */ = {
			isa = XCBuildConfiguration;
			buildSettings = {
				DEVELOPMENT_TEAM = A384SZFL55;
				INFOPLIST_FILE = GravitySuitUITests/Info.plist;
				LD_RUNPATH_SEARCH_PATHS = "$(inherited) @executable_path/Frameworks @loader_path/Frameworks";
				PRODUCT_BUNDLE_IDENTIFIER = berk.GravitySuitUITests;
				PRODUCT_NAME = "$(TARGET_NAME)";
				TEST_TARGET_NAME = GravitySuit;
			};
			name = Release;
		};
/* End XCBuildConfiguration section */

/* Begin XCConfigurationList section */
		C013E1471EBE96AC00CC9503 /* Build configuration list for PBXProject "GravitySuit" */ = {
			isa = XCConfigurationList;
			buildConfigurations = (
				C013E1771EBE96AD00CC9503 /* Debug */,
				C013E1781EBE96AD00CC9503 /* Release */,
			);
			defaultConfigurationIsVisible = 0;
			defaultConfigurationName = Release;
		};
		C013E1791EBE96AD00CC9503 /* Build configuration list for PBXNativeTarget "GravitySuit" */ = {
			isa = XCConfigurationList;
			buildConfigurations = (
				C013E17A1EBE96AD00CC9503 /* Debug */,
				C013E17B1EBE96AD00CC9503 /* Release */,
			);
			defaultConfigurationIsVisible = 0;
			defaultConfigurationName = Release;
		};
		C013E17C1EBE96AD00CC9503 /* Build configuration list for PBXNativeTarget "GravitySuitTests" */ = {
			isa = XCConfigurationList;
			buildConfigurations = (
				C013E17D1EBE96AD00CC9503 /* Debug */,
				C013E17E1EBE96AD00CC9503 /* Release */,
			);
			defaultConfigurationIsVisible = 0;
			defaultConfigurationName = Release;
		};
		C013E17F1EBE96AD00CC9503 /* Build configuration list for PBXNativeTarget "GravitySuitUITests" */ = {
			isa = XCConfigurationList;
			buildConfigurations = (
				C013E1801EBE96AD00CC9503 /* Debug */,
				C013E1811EBE96AD00CC9503 /* Release */,
			);
			defaultConfigurationIsVisible = 0;
			defaultConfigurationName = Release;
		};
/* End XCConfigurationList section */
	};
	rootObject = C013E1441EBE96AC00CC9503 /* Project object */;
}
